{
  "version": 4,
  "terraform_version": "1.14.0",
  "serial": 12,
  "lineage": "3a1c9a98-3280-e7f1-326d-3aad3a593ed6",
  "outputs": {
    "cosmos_account": {
      "value": "techfusion-cosmos",
      "type": "string"
    },
    "eventhub_name": {
      "value": "techfusion-events",
      "type": "string"
    },
    "eventhub_namespace": {
      "value": "techfusion-ehns",
      "type": "string"
    },
    "resource_group": {
      "value": "techfusion-rg",
      "type": "string"
    },
    "storage_account_name": {
      "value": "techfusionst01",
      "type": "string"
    }
  },
  "resources": [
    {
      "module": "module.platform",
      "mode": "data",
      "type": "azurerm_client_config",
      "name": "current",
      "provider": "provider[\"registry.terraform.io/hashicorp/azurerm\"]",
      "instances": [
        {
          "schema_version": 0,
          "attributes": {
            "client_id": "04b07795-8ddb-461a-bbee-02f9e1bf7b46",
            "id": "Y2xpZW50Q29uZmlncy9jbGllbnRJZD0wNGIwNzc5NS04ZGRiLTQ2MWEtYmJlZS0wMmY5ZTFiZjdiNDY7b2JqZWN0SWQ9ZWFlY2NkMjAtZjhlMy00NWRmLThkM2UtMjhlY2I5YjU3YWJmO3N1YnNjcmlwdGlvbklkPTE0OGEwYjgxLTA2MmQtNDNkOC04MjExLTg5MWQxN2Y2ZDM2Yzt0ZW5hbnRJZD1kODhlNGExNC00YjJkLTRhN2UtYjUwNC0wYjhiN2EyMDA4NTg=",
            "object_id": "eaeccd20-f8e3-45df-8d3e-28ecb9b57abf",
            "subscription_id": "148a0b81-062d-43d8-8211-891d17f6d36c",
            "tenant_id": "d88e4a14-4b2d-4a7e-b504-0b8b7a200858",
            "timeouts": null
          },
          "sensitive_attributes": [],
          "identity_schema_version": 0
        }
      ]
    },
    {
      "module": "module.platform",
      "mode": "managed",
      "type": "azurerm_resource_group",
      "name": "rg",
      "provider": "provider[\"registry.terraform.io/hashicorp/azurerm\"]",
      "instances": [
        {
          "schema_version": 0,
          "attributes": {
            "id": "/subscriptions/148a0b81-062d-43d8-8211-891d17f6d36c/resourceGroups/techfusion-rg",
            "location": "eastus",
            "managed_by": "",
            "name": "techfusion-rg",
            "tags": {
              "env": "dev",
              "project": "TechFusion"
            },
            "timeouts": null
          },
          "sensitive_attributes": [],
          "identity_schema_version": 0,
          "private": "eyJlMmJmYjczMC1lY2FhLTExZTYtOGY4OC0zNDM2M2JjN2M0YzAiOnsiY3JlYXRlIjo1NDAwMDAwMDAwMDAwLCJkZWxldGUiOjU0MDAwMDAwMDAwMDAsInJlYWQiOjMwMDAwMDAwMDAwMCwidXBkYXRlIjo1NDAwMDAwMDAwMDAwfX0="
        }
      ]
    }
  ],
  "check_results": null
}
